
Microsoft Visual Studio Solution File, Format Version 12.00
# Visual Studio 14
VisualStudioVersion = 14.0.24720.0
MinimumVisualStudioVersion = 10.0.40219.1
Project("{FAE04EC0-301F-11D3-BF4B-00C04F79EFBC}") = "HeadlessClient", "HeadlessClient\HeadlessClient.csproj", "{D144E7CE-4886-4DC6-B8A3-412C4A4D95EA}"
EndProject
Global
	GlobalSection(SolutionConfigurationPlatforms) = preSolution
		Debug|Any CPU = Debug|Any CPU
		Release|Any CPU = Release|Any CPU
	EndGlobalSection
	GlobalSection(ProjectConfigurationPlatforms) = postSolution
		{D144E7CE-4886-4DC6-B8A3-412C4A4D95EA}.Debug|Any CPU.ActiveCfg = Debug|Any CPU
		{D144E7CE-4886-4DC6-B8A3-412C4A4D95EA}.Debug|Any CPU.Build.0 = Debug|Any CPU
		{D144E7CE-4886-4DC6-B8A3-412C4A4D95EA}.Release|Any CPU.ActiveCfg = Release|Any CPU
		{D144E7CE-4886-4DC6-B8A3-412C4A4D95EA}.Release|Any CPU.Build.0 = Release|Any CPU
	EndGlobalSection
	GlobalSection(SolutionProperties) = preSolution
		HideSolutionNode = FALSE
	EndGlobalSection
EndGlobal
